# This file was autogenerated by Stack.
# You should not edit this file by hand.
# For more information, please see the documentation at:
#   https://docs.haskellstack.org/en/stable/lock_files

packages:
- completed:
    hackage: duckling-0.2.0.0@sha256:84becd4e48ee3676cdd6fe5745a77ee60e365ea730cd759610c8a7738f3eb4a6,60543
    pantry-tree:
      sha256: e3d7464dc3b30bc64787288cdff3fd4b53fde8a3829d0ee0e62f3b8a37ba28b3
      size: 74021
  original:
    hackage: duckling-0.2.0.0@sha256:84becd4e48ee3676cdd6fe5745a77ee60e365ea730cd759610c8a7738f3eb4a6,60543
- completed:
    hackage: aeson-1.5.6.0@sha256:5003bb6fd260d2e2d5a51dee2bf5c8e8f29e4e0e0288fef805c22dcc80ecab06,6788
    pantry-tree:
      sha256: 1f61b87807bfb4362a978a492e2f17be9e3ebfe32f983ee49863ddde970b32ce
      size: 37981
  original:
    hackage: aeson-1.5.6.0@sha256:5003bb6fd260d2e2d5a51dee2bf5c8e8f29e4e0e0288fef805c22dcc80ecab06,6788
- completed:
    hackage: snap-server-1.1.2.0@sha256:325378e4f7a50b1a94cf6175e11b9ac6db5edcdd87226f2d5997999334b85c46,15200
    pantry-tree:
      sha256: bac856da3319ff93d100dfd5811fbcc39d7d8b7e51d6adc07aea3fc81aacd14e
      size: 3313
  original:
    hackage: snap-server-1.1.2.0@sha256:325378e4f7a50b1a94cf6175e11b9ac6db5edcdd87226f2d5997999334b85c46,15200
- completed:
    hackage: attoparsec-0.13.2.5@sha256:1b64fc08464d9dc73d80e13aea362410f3c8bca5abfa6831df8821281c3cdfeb,6199
    pantry-tree:
      sha256: 1b26b52ea2fab9aee40cf24e9bbb7d3459e9dcb9439ecf11eee29e95fa154cbd
      size: 5305
  original:
    hackage: attoparsec-0.13.2.5@sha256:1b64fc08464d9dc73d80e13aea362410f3c8bca5abfa6831df8821281c3cdfeb,6199
- completed:
    hackage: io-streams-haproxy-1.0.1.0@sha256:2241a754697935e0a11e814affcaa4861b42fe88131f807b586ef48051e28a08,3070
    pantry-tree:
      sha256: e0fd63710948210cda2b5d21bd51eedc43f8813470d015158de8bd03237b1cb9
      size: 589
  original:
    hackage: io-streams-haproxy-1.0.1.0@sha256:2241a754697935e0a11e814affcaa4861b42fe88131f807b586ef48051e28a08,3070
- completed:
    hackage: brick-1.3@sha256:718f897874bb563c14ab17ff522de21fc73c5159e1b33768484e10e944ec9e8c,17826
    pantry-tree:
      sha256: fe1ce4ed7cc5b55a9e9d5664cd220bd51b0b87f0fb4108b50b2bc3f07530719c
      size: 6686
  original:
    hackage: brick-1.3@sha256:718f897874bb563c14ab17ff522de21fc73c5159e1b33768484e10e944ec9e8c,17826
- completed:
    hackage: bimap-0.5.0@sha256:aba506d02a1c93fc2b50dcbe728d2a4d07cca89b7033945418061a0b08576ebd,1889
    pantry-tree:
      sha256: 285f5e86640f4bef3b7a60991defb8dd4b3714f8c294495d1136da182c1315a3
      size: 470
  original:
    hackage: bimap-0.5.0@sha256:aba506d02a1c93fc2b50dcbe728d2a4d07cca89b7033945418061a0b08576ebd,1889
- completed:
    hackage: text-zipper-0.12@sha256:e96110598fc25e57a99ffcd8e583351af8b325b813aa5e3bd0adc627e3e02b6b,1472
    pantry-tree:
      sha256: 51edf26c8f66b1356c820b183e6442f8245ec2aef450fde4cd56db566347daa0
      size: 604
  original:
    hackage: text-zipper-0.12@sha256:e96110598fc25e57a99ffcd8e583351af8b325b813aa5e3bd0adc627e3e02b6b,1472
- completed:
    hackage: vty-5.37@sha256:416ba9007f6b64226ad68bfd7a227714082832d004e07567e9850a7cec67d77a,20859
    pantry-tree:
      sha256: 75f72fc02ed2c9288b7957f2ff39e9b941fc41f83dff25aab4b9a540a47e6bdc
      size: 5394
  original:
    hackage: vty-5.37@sha256:416ba9007f6b64226ad68bfd7a227714082832d004e07567e9850a7cec67d77a,20859
- completed:
    hackage: optparse-applicative-0.17.0.0@sha256:0713e54cbb341e5cae979e2ac441eb3a5ff42e303001f432bd58c19e5638bdda,4967
    pantry-tree:
      sha256: 3b4398845ee6718fe2303870a5ab75bd190eb712fed2f22caaae30f790c490fd
      size: 3124
  original:
    hackage: optparse-applicative-0.17.0.0@sha256:0713e54cbb341e5cae979e2ac441eb3a5ff42e303001f432bd58c19e5638bdda,4967
- completed:
    hackage: tomland-1.3.3.2@sha256:0b4a24f8584f636b7799d9044586762967978f9c225392493307617057f0d288,9063
    pantry-tree:
      sha256: 2fd674ad63b03bf97a15d159b460e5cc91f1fbdc87a71a191fff380994c86fba
      size: 6430
  original:
    hackage: tomland-1.3.3.2@sha256:0b4a24f8584f636b7799d9044586762967978f9c225392493307617057f0d288,9063
- completed:
    hackage: validation-selective-0.1.0.2@sha256:c878846bfffeba69efa3b4866025f249656e0e0a129fed6d446eb602382d328b,3856
    pantry-tree:
      sha256: cf625f9876fb4122bf19ba3d78f480966882c4130c3824765fd04730b32cc719
      size: 696
  original:
    hackage: validation-selective-0.1.0.2@sha256:c878846bfffeba69efa3b4866025f249656e0e0a129fed6d446eb602382d328b,3856
snapshots:
- completed:
    sha256: 7f4393ad659c579944d12202cffb12d8e4b8114566b015f77bbc303a24cff934
    size: 619405
    url: https://raw.githubusercontent.com/commercialhaskell/stackage-snapshots/master/lts/19/28.yaml
  original:
    url: https://raw.githubusercontent.com/commercialhaskell/stackage-snapshots/master/lts/19/28.yaml
